
Microsoft Visual Studio Solution File, Format Version 12.00
# Visual Studio Version 17
VisualStudioVersion = 17.4.33205.214
MinimumVisualStudioVersion = 10.0.40219.1
Project("{FAE04EC0-301F-11D3-BF4B-00C04F79EFBC}") = "AspNet.Crud.Demo", "AspNet.Crud.Demo\AspNet.Crud.Demo.csproj", "{49031EBB-6B61-46C2-BC86-222622F2CF36}"
EndProject
Project("{FAE04EC0-301F-11D3-BF4B-00C04F79EFBC}") = "AspNet.Crud.Demo.Integration.Tests", "AspNet.Crud.Demo.Integration.Tests\AspNet.Crud.Demo.Integration.Tests.csproj", "{7DE2CDC0-4C45-4B1C-9F51-1366ED8D5E21}"
EndProject
Global
	GlobalSection(SolutionConfigurationPlatforms) = preSolution
		Debug|Any CPU = Debug|Any CPU
		Release|Any CPU = Release|Any CPU
	EndGlobalSection
	GlobalSection(ProjectConfigurationPlatforms) = postSolution
		{49031EBB-6B61-46C2-BC86-222622F2CF36}.Debug|Any CPU.ActiveCfg = Debug|Any CPU
		{49031EBB-6B61-46C2-BC86-222622F2CF36}.Debug|Any CPU.Build.0 = Debug|Any CPU
		{49031EBB-6B61-46C2-BC86-222622F2CF36}.Release|Any CPU.ActiveCfg = Release|Any CPU
		{49031EBB-6B61-46C2-BC86-222622F2CF36}.Release|Any CPU.Build.0 = Release|Any CPU
		{7DE2CDC0-4C45-4B1C-9F51-1366ED8D5E21}.Debug|Any CPU.ActiveCfg = Debug|Any CPU
		{7DE2CDC0-4C45-4B1C-9F51-1366ED8D5E21}.Debug|Any CPU.Build.0 = Debug|Any CPU
		{7DE2CDC0-4C45-4B1C-9F51-1366ED8D5E21}.Release|Any CPU.ActiveCfg = Release|Any CPU
		{7DE2CDC0-4C45-4B1C-9F51-1366ED8D5E21}.Release|Any CPU.Build.0 = Release|Any CPU
	EndGlobalSection
	GlobalSection(SolutionProperties) = preSolution
		HideSolutionNode = FALSE
	EndGlobalSection
	GlobalSection(ExtensibilityGlobals) = postSolution
		SolutionGuid = {C8FC26BC-7E2A-4B1D-BA6A-08E5D0936270}
	EndGlobalSection
EndGlobal
